
Microsoft Visual Studio Solution File, Format Version 12.00
# Visual Studio 15
VisualStudioVersion = 15.0.27703.2035
MinimumVisualStudioVersion = 10.0.40219.1
Project("{9A19103F-16F7-4668-BE54-9A1E7A4F7556}") = "SikuliWrapper", "SikuliWrapper\SikuliWrapper.csproj", "{B6A82C58-68EE-447F-8351-094042E9C48B}"
EndProject
Project("{9A19103F-16F7-4668-BE54-9A1E7A4F7556}") = "SikuliWrapper.UnitTests", "SikuliWrapper.UnitTests\SikuliWrapper.UnitTests.csproj", "{C35479B8-9D8A-42B4-B536-EC6C73BAC0B6}"
EndProject
Global
	GlobalSection(SolutionConfigurationPlatforms) = preSolution
		Debug|Any CPU = Debug|Any CPU
		Release|Any CPU = Release|Any CPU
	EndGlobalSection
	GlobalSection(ProjectConfigurationPlatforms) = postSolution
		{B6A82C58-68EE-447F-8351-094042E9C48B}.Debug|Any CPU.ActiveCfg = Debug|Any CPU
		{B6A82C58-68EE-447F-8351-094042E9C48B}.Debug|Any CPU.Build.0 = Debug|Any CPU
		{B6A82C58-68EE-447F-8351-094042E9C48B}.Release|Any CPU.ActiveCfg = Release|Any CPU
		{B6A82C58-68EE-447F-8351-094042E9C48B}.Release|Any CPU.Build.0 = Release|Any CPU
		{C35479B8-9D8A-42B4-B536-EC6C73BAC0B6}.Debug|Any CPU.ActiveCfg = Debug|Any CPU
		{C35479B8-9D8A-42B4-B536-EC6C73BAC0B6}.Debug|Any CPU.Build.0 = Debug|Any CPU
		{C35479B8-9D8A-42B4-B536-EC6C73BAC0B6}.Release|Any CPU.ActiveCfg = Release|Any CPU
		{C35479B8-9D8A-42B4-B536-EC6C73BAC0B6}.Release|Any CPU.Build.0 = Release|Any CPU
	EndGlobalSection
	GlobalSection(SolutionProperties) = preSolution
		HideSolutionNode = FALSE
	EndGlobalSection
	GlobalSection(ExtensibilityGlobals) = postSolution
		SolutionGuid = {C929FB5E-70E0-4209-BE75-3C84FF09623E}
	EndGlobalSection
EndGlobal
